dependencies:
- name: mariadb
  repository: https://charts.bitnami.com/bitnami
  version: 19.1.2
- name: memcached
  repository: https://charts.bitnami.com/bitnami
  version: 7.6.5
- name: redis
  repository: https://charts.bitnami.com/bitnami
  version: 21.2.13
digest: sha256:d0f30ce06b21477090e86c6b7f8ed89a85982bbe605075ae1beb89f0865b7294
generated: "2025-08-02T16:29:35.745518229+02:00"
